
Microsoft Visual Studio Solution File, Format Version 12.00
# Visual Studio 2012
Project("{FAE04EC0-301F-11D3-BF4B-00C04F79EFBC}") = "WebApiForWin2003", "WebApiForWin2003\WebApiForWin2003.csproj", "{DC0C1708-4A7D-49D7-8ED1-2BA8B54BCDFF}"
EndProject
Global
	GlobalSection(SolutionConfigurationPlatforms) = preSolution
		Debug|Any CPU = Debug|Any CPU
		Release|Any CPU = Release|Any CPU
	EndGlobalSection
	GlobalSection(ProjectConfigurationPlatforms) = postSolution
		{DC0C1708-4A7D-49D7-8ED1-2BA8B54BCDFF}.Debug|Any CPU.ActiveCfg = Debug|Any CPU
		{DC0C1708-4A7D-49D7-8ED1-2BA8B54BCDFF}.Debug|Any CPU.Build.0 = Debug|Any CPU
		{DC0C1708-4A7D-49D7-8ED1-2BA8B54BCDFF}.Release|Any CPU.ActiveCfg = Release|Any CPU
		{DC0C1708-4A7D-49D7-8ED1-2BA8B54BCDFF}.Release|Any CPU.Build.0 = Release|Any CPU
	EndGlobalSection
	GlobalSection(SolutionProperties) = preSolution
		HideSolutionNode = FALSE
	EndGlobalSection
EndGlobal
